
Microsoft Visual Studio Solution File, Format Version 12.00
# Visual Studio Version 17
VisualStudioVersion = 17.0.31912.275
MinimumVisualStudioVersion = 10.0.40219.1
Project("{9A19103F-16F7-4668-BE54-9A1E7A4F7556}") = "Benefits.Api", "Benefits.Api\Benefits.Api.csproj", "{903FB6D5-423E-4A9F-B2CB-A948847E9D3D}"
EndProject
Project("{FAE04EC0-301F-11D3-BF4B-00C04F79EFBC}") = "BenefitsTest", "BenefitsTest\BenefitsTest.csproj", "{C9DB9C4B-F885-4C0D-A2A4-44493439AB8D}"
EndProject
Global
	GlobalSection(SolutionConfigurationPlatforms) = preSolution
		Debug|Any CPU = Debug|Any CPU
		Release|Any CPU = Release|Any CPU
	EndGlobalSection
	GlobalSection(ProjectConfigurationPlatforms) = postSolution
		{903FB6D5-423E-4A9F-B2CB-A948847E9D3D}.Debug|Any CPU.ActiveCfg = Debug|Any CPU
		{903FB6D5-423E-4A9F-B2CB-A948847E9D3D}.Debug|Any CPU.Build.0 = Debug|Any CPU
		{903FB6D5-423E-4A9F-B2CB-A948847E9D3D}.Release|Any CPU.ActiveCfg = Release|Any CPU
		{903FB6D5-423E-4A9F-B2CB-A948847E9D3D}.Release|Any CPU.Build.0 = Release|Any CPU
		{C9DB9C4B-F885-4C0D-A2A4-44493439AB8D}.Debug|Any CPU.ActiveCfg = Debug|Any CPU
		{C9DB9C4B-F885-4C0D-A2A4-44493439AB8D}.Debug|Any CPU.Build.0 = Debug|Any CPU
		{C9DB9C4B-F885-4C0D-A2A4-44493439AB8D}.Release|Any CPU.ActiveCfg = Release|Any CPU
		{C9DB9C4B-F885-4C0D-A2A4-44493439AB8D}.Release|Any CPU.Build.0 = Release|Any CPU
	EndGlobalSection
	GlobalSection(SolutionProperties) = preSolution
		HideSolutionNode = FALSE
	EndGlobalSection
	GlobalSection(ExtensibilityGlobals) = postSolution
		SolutionGuid = {78461F9C-1D8F-4961-82B3-88808DD23F7F}
	EndGlobalSection
EndGlobal
